
Microsoft Visual Studio Solution File, Format Version 12.00
# Visual Studio Version 17
VisualStudioVersion = 17.2.32526.322
MinimumVisualStudioVersion = 10.0.40219.1
Project("{FAE04EC0-301F-11D3-BF4B-00C04F79EFBC}") = "formularioTarea", "formularioTarea\formularioTarea.csproj", "{B20A834B-82EF-4AB8-8DB1-EC33DE963320}"
EndProject
Global
	GlobalSection(SolutionConfigurationPlatforms) = preSolution
		Debug|Any CPU = Debug|Any CPU
		Release|Any CPU = Release|Any CPU
	EndGlobalSection
	GlobalSection(ProjectConfigurationPlatforms) = postSolution
		{B20A834B-82EF-4AB8-8DB1-EC33DE963320}.Debug|Any CPU.ActiveCfg = Debug|Any CPU
		{B20A834B-82EF-4AB8-8DB1-EC33DE963320}.Debug|Any CPU.Build.0 = Debug|Any CPU
		{B20A834B-82EF-4AB8-8DB1-EC33DE963320}.Release|Any CPU.ActiveCfg = Release|Any CPU
		{B20A834B-82EF-4AB8-8DB1-EC33DE963320}.Release|Any CPU.Build.0 = Release|Any CPU
	EndGlobalSection
	GlobalSection(SolutionProperties) = preSolution
		HideSolutionNode = FALSE
	EndGlobalSection
	GlobalSection(ExtensibilityGlobals) = postSolution
		SolutionGuid = {75E763BA-C347-48B6-8F46-5C8931B0DCEA}
	EndGlobalSection
EndGlobal
